{
  "requires": true,
  "lockfileVersion": 1,
  "dependencies": {
    "animejs": {
      "version": "3.2.1",
      "resolved": "https://registry.npmjs.org/animejs/-/animejs-3.2.1.tgz",
      "integrity": "sha512-sWno3ugFryK5nhiDm/2BKeFCpZv7vzerWUcUPyAZLDhMek3+S/p418ldZJbJXo5ZUOpfm2kP2XRO4NJcULMy9A=="
    },
    "bulma": {
      "version": "0.9.2",
      "resolved": "https://registry.npmjs.org/bulma/-/bulma-0.9.2.tgz",
      "integrity": "sha512-e14EF+3VSZ488yL/lJH0tR8mFWiEQVCMi/BQUMi2TGMBOk+zrDg4wryuwm/+dRSHJw0gMawp2tsW7X1JYUCE3A=="
    }
  }
}
